
Microsoft Visual Studio Solution File, Format Version 12.00
# Visual Studio Version 17
VisualStudioVersion = 17.7.34024.191
MinimumVisualStudioVersion = 10.0.40219.1
Project("{FAE04EC0-301F-11D3-BF4B-00C04F79EFBC}") = "AdminCasa", "AdminCasa.csproj", "{B17842E7-B9FE-4E3B-8700-DF5A81319CEA}"
EndProject
Global
	GlobalSection(SolutionConfigurationPlatforms) = preSolution
		Debug|Any CPU = Debug|Any CPU
		Release|Any CPU = Release|Any CPU
	EndGlobalSection
	GlobalSection(ProjectConfigurationPlatforms) = postSolution
		{B17842E7-B9FE-4E3B-8700-DF5A81319CEA}.Debug|Any CPU.ActiveCfg = Debug|Any CPU
		{B17842E7-B9FE-4E3B-8700-DF5A81319CEA}.Debug|Any CPU.Build.0 = Debug|Any CPU
		{B17842E7-B9FE-4E3B-8700-DF5A81319CEA}.Release|Any CPU.ActiveCfg = Release|Any CPU
		{B17842E7-B9FE-4E3B-8700-DF5A81319CEA}.Release|Any CPU.Build.0 = Release|Any CPU
	EndGlobalSection
	GlobalSection(SolutionProperties) = preSolution
		HideSolutionNode = FALSE
	EndGlobalSection
	GlobalSection(ExtensibilityGlobals) = postSolution
		SolutionGuid = {F8AEC74E-79A3-4E1C-A4E9-BD2FCDA5E6DC}
	EndGlobalSection
EndGlobal
