
Microsoft Visual Studio Solution File, Format Version 12.00
# Visual Studio Version 17
VisualStudioVersion = 17.7.34018.315
MinimumVisualStudioVersion = 10.0.40219.1
Project("{FAE04EC0-301F-11D3-BF4B-00C04F79EFBC}") = "PrimerParcialEj1Simulacro", "PrimerParcialEj1Simulacro.csproj", "{A392E98A-41A9-4D76-9423-5B0DFB3EDB25}"
EndProject
Global
	GlobalSection(SolutionConfigurationPlatforms) = preSolution
		Debug|Any CPU = Debug|Any CPU
		Release|Any CPU = Release|Any CPU
	EndGlobalSection
	GlobalSection(ProjectConfigurationPlatforms) = postSolution
		{A392E98A-41A9-4D76-9423-5B0DFB3EDB25}.Debug|Any CPU.ActiveCfg = Debug|Any CPU
		{A392E98A-41A9-4D76-9423-5B0DFB3EDB25}.Debug|Any CPU.Build.0 = Debug|Any CPU
		{A392E98A-41A9-4D76-9423-5B0DFB3EDB25}.Release|Any CPU.ActiveCfg = Release|Any CPU
		{A392E98A-41A9-4D76-9423-5B0DFB3EDB25}.Release|Any CPU.Build.0 = Release|Any CPU
	EndGlobalSection
	GlobalSection(SolutionProperties) = preSolution
		HideSolutionNode = FALSE
	EndGlobalSection
	GlobalSection(ExtensibilityGlobals) = postSolution
		SolutionGuid = {E2806C12-66B3-4936-9EA5-D9C8143B94F4}
	EndGlobalSection
EndGlobal
