
Microsoft Visual Studio Solution File, Format Version 12.00
# Visual Studio Version 17
VisualStudioVersion = 17.7.34221.43
MinimumVisualStudioVersion = 10.0.40219.1
Project("{FAE04EC0-301F-11D3-BF4B-00C04F79EFBC}") = "SegundoSimulacro", "SegundoSimulacro.csproj", "{DE89CAE8-3BDA-445B-B442-51589474377E}"
EndProject
Global
	GlobalSection(SolutionConfigurationPlatforms) = preSolution
		Debug|Any CPU = Debug|Any CPU
		Release|Any CPU = Release|Any CPU
	EndGlobalSection
	GlobalSection(ProjectConfigurationPlatforms) = postSolution
		{DE89CAE8-3BDA-445B-B442-51589474377E}.Debug|Any CPU.ActiveCfg = Debug|Any CPU
		{DE89CAE8-3BDA-445B-B442-51589474377E}.Debug|Any CPU.Build.0 = Debug|Any CPU
		{DE89CAE8-3BDA-445B-B442-51589474377E}.Release|Any CPU.ActiveCfg = Release|Any CPU
		{DE89CAE8-3BDA-445B-B442-51589474377E}.Release|Any CPU.Build.0 = Release|Any CPU
	EndGlobalSection
	GlobalSection(SolutionProperties) = preSolution
		HideSolutionNode = FALSE
	EndGlobalSection
	GlobalSection(ExtensibilityGlobals) = postSolution
		SolutionGuid = {091FCA3E-E4AB-4425-8C20-7C8D4CB14E9E}
	EndGlobalSection
EndGlobal
