
Microsoft Visual Studio Solution File, Format Version 12.00
# Visual Studio Version 17
VisualStudioVersion = 17.7.34024.191
MinimumVisualStudioVersion = 10.0.40219.1
Project("{FAE04EC0-301F-11D3-BF4B-00C04F79EFBC}") = "Practico1_ej7", "Practico1_ej7.csproj", "{95950470-7434-4123-ABDD-BF7D99F4189D}"
EndProject
Global
	GlobalSection(SolutionConfigurationPlatforms) = preSolution
		Debug|Any CPU = Debug|Any CPU
		Release|Any CPU = Release|Any CPU
	EndGlobalSection
	GlobalSection(ProjectConfigurationPlatforms) = postSolution
		{95950470-7434-4123-ABDD-BF7D99F4189D}.Debug|Any CPU.ActiveCfg = Debug|Any CPU
		{95950470-7434-4123-ABDD-BF7D99F4189D}.Debug|Any CPU.Build.0 = Debug|Any CPU
		{95950470-7434-4123-ABDD-BF7D99F4189D}.Release|Any CPU.ActiveCfg = Release|Any CPU
		{95950470-7434-4123-ABDD-BF7D99F4189D}.Release|Any CPU.Build.0 = Release|Any CPU
	EndGlobalSection
	GlobalSection(SolutionProperties) = preSolution
		HideSolutionNode = FALSE
	EndGlobalSection
	GlobalSection(ExtensibilityGlobals) = postSolution
		SolutionGuid = {9BB28500-552F-41F3-AE3A-AFF5EC3F3072}
	EndGlobalSection
EndGlobal
